
Microsoft Visual Studio Solution File, Format Version 12.00
# Visual Studio Version 17
VisualStudioVersion = 17.0.32112.339
MinimumVisualStudioVersion = 10.0.40219.1
Project("{FAE04EC0-301F-11D3-BF4B-00C04F79EFBC}") = "WithdrawMoneyApp", "WithdrawMoneyApp\WithdrawMoneyApp.csproj", "{0B0A31EC-1AA9-40A4-8B87-ACA2A5A9698E}"
EndProject
Global
	GlobalSection(SolutionConfigurationPlatforms) = preSolution
		Debug|Any CPU = Debug|Any CPU
		Release|Any CPU = Release|Any CPU
	EndGlobalSection
	GlobalSection(ProjectConfigurationPlatforms) = postSolution
		{0B0A31EC-1AA9-40A4-8B87-ACA2A5A9698E}.Debug|Any CPU.ActiveCfg = Debug|Any CPU
		{0B0A31EC-1AA9-40A4-8B87-ACA2A5A9698E}.Debug|Any CPU.Build.0 = Debug|Any CPU
		{0B0A31EC-1AA9-40A4-8B87-ACA2A5A9698E}.Release|Any CPU.ActiveCfg = Release|Any CPU
		{0B0A31EC-1AA9-40A4-8B87-ACA2A5A9698E}.Release|Any CPU.Build.0 = Release|Any CPU
	EndGlobalSection
	GlobalSection(SolutionProperties) = preSolution
		HideSolutionNode = FALSE
	EndGlobalSection
	GlobalSection(ExtensibilityGlobals) = postSolution
		SolutionGuid = {AB6A1FA9-1432-4574-AE68-F38545889B85}
	EndGlobalSection
EndGlobal
